// !$*UTF8*$!
{
	archiveVersion = 1;
	classes = {
	};
	objectVersion = 55;
	objects = {

/* Begin PBXBuildFile section */
		8000BF8427839C79009C6DFE /* GameViewModel.swift in Sources */ = {isa = PBXBuildFile; fileRef = 8000BF8327839C79009C6DFE /* GameViewModel.swift */; };
		8000BF8627839F12009C6DFE /* QuestionView.swift in Sources */ = {isa = PBXBuildFile; fileRef = 8000BF8527839F12009C6DFE /* QuestionView.swift */; };
		8000BF882783AD3C009C6DFE /* ScoreView.swift in Sources */ = {isa = PBXBuildFile; fileRef = 8000BF872783AD3C009C6DFE /* ScoreView.swift */; };
		8000BF8A2783B2B2009C6DFE /* ScoreViewModel.swift in Sources */ = {isa = PBXBuildFile; fileRef = 8000BF892783B2B2009C6DFE /* ScoreViewModel.swift */; };
		802FFADC2781130600B7B7E9 /* Question.swift in Sources */ = {isa = PBXBuildFile; fileRef = 802FFADB2781130600B7B7E9 /* Question.swift */; };
		802FFADE2781154F00B7B7E9 /* ChoiceTextView.swift in Sources */ = {isa = PBXBuildFile; fileRef = 802FFADD2781154F00B7B7E9 /* ChoiceTextView.swift */; };
		802FFAE027813A0200B7B7E9 /* Game.swift in Sources */ = {isa = PBXBuildFile; fileRef = 802FFADF27813A0200B7B7E9 /* Game.swift */; };
		807AA66627833F930030B0D2 /* WelcomeView.swift in Sources */ = {isa = PBXBuildFile; fileRef = 807AA66527833F930030B0D2 /* WelcomeView.swift */; };
		807AA6682783433D0030B0D2 /* GameColor.swift in Sources */ = {isa = PBXBuildFile; fileRef = 807AA6672783433D0030B0D2 /* GameColor.swift */; };
		807AA66A278344D30030B0D2 /* BottomTextView.swift in Sources */ = {isa = PBXBuildFile; fileRef = 807AA669278344D30030B0D2 /* BottomTextView.swift */; };
		80829BCF277938160007AF0D /* questioneerApp.swift in Sources */ = {isa = PBXBuildFile; fileRef = 80829BCE277938160007AF0D /* questioneerApp.swift */; };
		80829BD1277938160007AF0D /* GameView.swift in Sources */ = {isa = PBXBuildFile; fileRef = 80829BD0277938160007AF0D /* GameView.swift */; };
		80829BD3277938180007AF0D /* Assets.xcassets in Resources */ = {isa = PBXBuildFile; fileRef = 80829BD2277938180007AF0D /* Assets.xcassets */; };
		80829BD6277938180007AF0D /* Preview Assets.xcassets in Resources */ = {isa = PBXBuildFile; fileRef = 80829BD5277938180007AF0D /* Preview Assets.xcassets */; };
/* End PBXBuildFile section */

/* Begin PBXFileReference section */
		8000BF8327839C79009C6DFE /* GameViewModel.swift */ = {isa = PBXFileReference; lastKnownFileType = sourcecode.swift; path = GameViewModel.swift; sourceTree = "<group>"; };
		8000BF8527839F12009C6DFE /* QuestionView.swift */ = {isa = PBXFileReference; lastKnownFileType = sourcecode.swift; path = QuestionView.swift; sourceTree = "<group>"; };
		8000BF872783AD3C009C6DFE /* ScoreView.swift */ = {isa = PBXFileReference; lastKnownFileType = sourcecode.swift; path = ScoreView.swift; sourceTree = "<group>"; };
		8000BF892783B2B2009C6DFE /* ScoreViewModel.swift */ = {isa = PBXFileReference; lastKnownFileType = sourcecode.swift; path = ScoreViewModel.swift; sourceTree = "<group>"; };
		802FFADB2781130600B7B7E9 /* Question.swift */ = {isa = PBXFileReference; lastKnownFileType = sourcecode.swift; path = Question.swift; sourceTree = "<group>"; };
		802FFADD2781154F00B7B7E9 /* ChoiceTextView.swift */ = {isa = PBXFileReference; lastKnownFileType = sourcecode.swift; path = ChoiceTextView.swift; sourceTree = "<group>"; };
		802FFADF27813A0200B7B7E9 /* Game.swift */ = {isa = PBXFileReference; lastKnownFileType = sourcecode.swift; path = Game.swift; sourceTree = "<group>"; };
		807AA66527833F930030B0D2 /* WelcomeView.swift */ = {isa = PBXFileReference; lastKnownFileType = sourcecode.swift; path = WelcomeView.swift; sourceTree = "<group>"; };
		807AA6672783433D0030B0D2 /* GameColor.swift */ = {isa = PBXFileReference; lastKnownFileType = sourcecode.swift; path = GameColor.swift; sourceTree = "<group>"; };
		807AA669278344D30030B0D2 /* BottomTextView.swift */ = {isa = PBXFileReference; lastKnownFileType = sourcecode.swift; path = BottomTextView.swift; sourceTree = "<group>"; };
		80829BCB277938160007AF0D /* questioneer.app */ = {isa = PBXFileReference; explicitFileType = wrapper.application; includeInIndex = 0; path = questioneer.app; sourceTree = BUILT_PRODUCTS_DIR; };
		80829BCE277938160007AF0D /* questioneerApp.swift */ = {isa = PBXFileReference; lastKnownFileType = sourcecode.swift; path = questioneerApp.swift; sourceTree = "<group>"; };
		80829BD0277938160007AF0D /* GameView.swift */ = {isa = PBXFileReference; lastKnownFileType = sourcecode.swift; path = GameView.swift; sourceTree = "<group>"; };
		80829BD2277938180007AF0D /* Assets.xcassets */ = {isa = PBXFileReference; lastKnownFileType = folder.assetcatalog; path = Assets.xcassets; sourceTree = "<group>"; };
		80829BD5277938180007AF0D /* Preview Assets.xcassets */ = {isa = PBXFileReference; lastKnownFileType = folder.assetcatalog; path = "Preview Assets.xcassets"; sourceTree = "<group>"; };
/* End PBXFileReference section */

/* Begin PBXFrameworksBuildPhase section */
		80829BC8277938160007AF0D /* Frameworks */ = {
			isa = PBXFrameworksBuildPhase;
			buildActionMask = 2147483647;
			files = (
			);
			runOnlyForDeploymentPostprocessing = 0;
		};
/* End PBXFrameworksBuildPhase section */

/* Begin PBXGroup section */
		8000BF8227839C3D009C6DFE /* ViewModels */ = {
			isa = PBXGroup;
			children = (
				8000BF8327839C79009C6DFE /* GameViewModel.swift */,
				8000BF892783B2B2009C6DFE /* ScoreViewModel.swift */,
			);
			path = ViewModels;
			sourceTree = "<group>";
		};
		802FFAE127813A5500B7B7E9 /* Models */ = {
			isa = PBXGroup;
			children = (
				802FFADB2781130600B7B7E9 /* Question.swift */,
				802FFADF27813A0200B7B7E9 /* Game.swift */,
			);
			path = Models;
			sourceTree = "<group>";
		};
		802FFAE227813A7200B7B7E9 /* Views */ = {
			isa = PBXGroup;
			children = (
				80829BD0277938160007AF0D /* GameView.swift */,
				802FFADD2781154F00B7B7E9 /* ChoiceTextView.swift */,
				807AA66527833F930030B0D2 /* WelcomeView.swift */,
				807AA669278344D30030B0D2 /* BottomTextView.swift */,
				807AA6672783433D0030B0D2 /* GameColor.swift */,
				8000BF8527839F12009C6DFE /* QuestionView.swift */,
				8000BF872783AD3C009C6DFE /* ScoreView.swift */,
			);
			path = Views;
			sourceTree = "<group>";
		};
		80829BC2277938160007AF0D = {
			isa = PBXGroup;
			children = (
				80829BCD277938160007AF0D /* questioneer */,
				80829BCC277938160007AF0D /* Products */,
			);
			sourceTree = "<group>";
		};
		80829BCC277938160007AF0D /* Products */ = {
			isa = PBXGroup;
			children = (
				80829BCB277938160007AF0D /* questioneer.app */,
			);
			name = Products;
			sourceTree = "<group>";
		};
		80829BCD277938160007AF0D /* questioneer */ = {
			isa = PBXGroup;
			children = (
				80829BCE277938160007AF0D /* questioneerApp.swift */,
				8000BF8227839C3D009C6DFE /* ViewModels */,
				802FFAE227813A7200B7B7E9 /* Views */,
				802FFAE127813A5500B7B7E9 /* Models */,
				80829BD2277938180007AF0D /* Assets.xcassets */,
				80829BD4277938180007AF0D /* Preview Content */,
			);
			path = questioneer;
			sourceTree = "<group>";
		};
		80829BD4277938180007AF0D /* Preview Content */ = {
			isa = PBXGroup;
			children = (
				80829BD5277938180007AF0D /* Preview Assets.xcassets */,
			);
			path = "Preview Content";
			sourceTree = "<group>";
		};
/* End PBXGroup section */

/* Begin PBXNativeTarget section */
		80829BCA277938160007AF0D /* questioneer */ = {
			isa = PBXNativeTarget;
			buildConfigurationList = 80829BD9277938180007AF0D /* Build configuration list for PBXNativeTarget "questioneer" */;
			buildPhases = (
				80829BC7277938160007AF0D /* Sources */,
				80829BC8277938160007AF0D /* Frameworks */,
				80829BC9277938160007AF0D /* Resources */,
			);
			buildRules = (
			);
			dependencies = (
			);
			name = questioneer;
			productName = questioneer;
			productReference = 80829BCB277938160007AF0D /* questioneer.app */;
			productType = "com.apple.product-type.application";
		};
/* End PBXNativeTarget section */

/* Begin PBXProject section */
		80829BC3277938160007AF0D /* Project object */ = {
			isa = PBXProject;
			attributes = {
				BuildIndependentTargetsInParallel = 1;
				LastSwiftUpdateCheck = 1320;
				LastUpgradeCheck = 1320;
				TargetAttributes = {
					80829BCA277938160007AF0D = {
						CreatedOnToolsVersion = 13.2.1;
					};
				};
			};
			buildConfigurationList = 80829BC6277938160007AF0D /* Build configuration list for PBXProject "questioneer" */;
			compatibilityVersion = "Xcode 13.0";
			developmentRegion = en;
			hasScannedForEncodings = 0;
			knownRegions = (
				en,
				Base,
			);
			mainGroup = 80829BC2277938160007AF0D;
			productRefGroup = 80829BCC277938160007AF0D /* Products */;
			projectDirPath = "";
			projectRoot = "";
			targets = (
				80829BCA277938160007AF0D /* questioneer */,
			);
		};
/* End PBXProject section */

/* Begin PBXResourcesBuildPhase section */
		80829BC9277938160007AF0D /* Resources */ = {
			isa = PBXResourcesBuildPhase;
			buildActionMask = 2147483647;
			files = (
				80829BD6277938180007AF0D /* Preview Assets.xcassets in Resources */,
				80829BD3277938180007AF0D /* Assets.xcassets in Resources */,
			);
			runOnlyForDeploymentPostprocessing = 0;
		};
/* End PBXResourcesBuildPhase section */

/* Begin PBXSourcesBuildPhase section */
		80829BC7277938160007AF0D /* Sources */ = {
			isa = PBXSourcesBuildPhase;
			buildActionMask = 2147483647;
			files = (
				8000BF8627839F12009C6DFE /* QuestionView.swift in Sources */,
				8000BF8427839C79009C6DFE /* GameViewModel.swift in Sources */,
				802FFADC2781130600B7B7E9 /* Question.swift in Sources */,
				8000BF8A2783B2B2009C6DFE /* ScoreViewModel.swift in Sources */,
				807AA66627833F930030B0D2 /* WelcomeView.swift in Sources */,
				807AA66A278344D30030B0D2 /* BottomTextView.swift in Sources */,
				802FFAE027813A0200B7B7E9 /* Game.swift in Sources */,
				80829BD1277938160007AF0D /* GameView.swift in Sources */,
				8000BF882783AD3C009C6DFE /* ScoreView.swift in Sources */,
				807AA6682783433D0030B0D2 /* GameColor.swift in Sources */,
				802FFADE2781154F00B7B7E9 /* ChoiceTextView.swift in Sources */,
				80829BCF277938160007AF0D /* questioneerApp.swift in Sources */,
			);
			runOnlyForDeploymentPostprocessing = 0;
		};
/* End PBXSourcesBuildPhase section */

/* Begin XCBuildConfiguration section */
		80829BD7277938180007AF0D /* Debug */ = {
			isa = XCBuildConfiguration;
			buildSettings = {
				ALWAYS_SEARCH_USER_PATHS = NO;
				CLANG_ANALYZER_NONNULL = YES;
				CLANG_ANALYZER_NUMBER_OBJECT_CONVERSION = YES_AGGRESSIVE;
				CLANG_CXX_LANGUAGE_STANDARD = "gnu++17";
				CLANG_CXX_LIBRARY = "libc++";
				CLANG_ENABLE_MODULES = YES;
				CLANG_ENABLE_OBJC_ARC = YES;
				CLANG_ENABLE_OBJC_WEAK = YES;
				CLANG_WARN_BLOCK_CAPTURE_AUTORELEASING = YES;
				CLANG_WARN_BOOL_CONVERSION = YES;
				CLANG_WARN_COMMA = YES;
				CLANG_WARN_CONSTANT_CONVERSION = YES;
				CLANG_WARN_DEPRECATED_OBJC_IMPLEMENTATIONS = YES;
				CLANG_WARN_DIRECT_OBJC_ISA_USAGE = YES_ERROR;
				CLANG_WARN_DOCUMENTATION_COMMENTS = YES;
				CLANG_WARN_EMPTY_BODY = YES;
				CLANG_WARN_ENUM_CONVERSION = YES;
				CLANG_WARN_INFINITE_RECURSION = YES;
				CLANG_WARN_INT_CONVERSION = YES;
				CLANG_WARN_NON_LITERAL_NULL_CONVERSION = YES;
				CLANG_WARN_OBJC_IMPLICIT_RETAIN_SELF = YES;
				CLANG_WARN_OBJC_LITERAL_CONVERSION = YES;
				CLANG_WARN_OBJC_ROOT_CLASS = YES_ERROR;
				CLANG_WARN_QUOTED_INCLUDE_IN_FRAMEWORK_HEADER = YES;
				CLANG_WARN_RANGE_LOOP_ANALYSIS = YES;
				CLANG_WARN_STRICT_PROTOTYPES = YES;
				CLANG_WARN_SUSPICIOUS_MOVE = YES;
				CLANG_WARN_UNGUARDED_AVAILABILITY = YES_AGGRESSIVE;
				CLANG_WARN_UNREACHABLE_CODE = YES;
				CLANG_WARN__DUPLICATE_METHOD_MATCH = YES;
				COPY_PHASE_STRIP = NO;
				DEBUG_INFORMATION_FORMAT = dwarf;
				ENABLE_STRICT_OBJC_MSGSEND = YES;
				ENABLE_TESTABILITY = YES;
				GCC_C_LANGUAGE_STANDARD = gnu11;
				GCC_DYNAMIC_NO_PIC = NO;
				GCC_NO_COMMON_BLOCKS = YES;
				GCC_OPTIMIZATION_LEVEL = 0;
				GCC_PREPROCESSOR_DEFINITIONS = (
					"DEBUG=1",
					"$(inherited)",
				);
				GCC_WARN_64_TO_32_BIT_CONVERSION = YES;
				GCC_WARN_ABOUT_RETURN_TYPE = YES_ERROR;
				GCC_WARN_UNDECLARED_SELECTOR = YES;
				GCC_WARN_UNINITIALIZED_AUTOS = YES_AGGRESSIVE;
				GCC_WARN_UNUSED_FUNCTION = YES;
				GCC_WARN_UNUSED_VARIABLE = YES;
				IPHONEOS_DEPLOYMENT_TARGET = 15.2;
				MTL_ENABLE_DEBUG_INFO = INCLUDE_SOURCE;
				MTL_FAST_MATH = YES;
				ONLY_ACTIVE_ARCH = YES;
				SDKROOT = iphoneos;
				SWIFT_ACTIVE_COMPILATION_CONDITIONS = DEBUG;
				SWIFT_OPTIMIZATION_LEVEL = "-Onone";
			};
			name = Debug;
		};
		80829BD8277938180007AF0D /* Release */ = {
			isa = XCBuildConfiguration;
			buildSettings = {
				ALWAYS_SEARCH_USER_PATHS = NO;
				CLANG_ANALYZER_NONNULL = YES;
				CLANG_ANALYZER_NUMBER_OBJECT_CONVERSION = YES_AGGRESSIVE;
				CLANG_CXX_LANGUAGE_STANDARD = "gnu++17";
				CLANG_CXX_LIBRARY = "libc++";
				CLANG_ENABLE_MODULES = YES;
				CLANG_ENABLE_OBJC_ARC = YES;
				CLANG_ENABLE_OBJC_WEAK = YES;
				CLANG_WARN_BLOCK_CAPTURE_AUTORELEASING = YES;
				CLANG_WARN_BOOL_CONVERSION = YES;
				CLANG_WARN_COMMA = YES;
				CLANG_WARN_CONSTANT_CONVERSION = YES;
				CLANG_WARN_DEPRECATED_OBJC_IMPLEMENTATIONS = YES;
				CLANG_WARN_DIRECT_OBJC_ISA_USAGE = YES_ERROR;
				CLANG_WARN_DOCUMENTATION_COMMENTS = YES;
				CLANG_WARN_EMPTY_BODY = YES;
				CLANG_WARN_ENUM_CONVERSION = YES;
				CLANG_WARN_INFINITE_RECURSION = YES;
				CLANG_WARN_INT_CONVERSION = YES;
				CLANG_WARN_NON_LITERAL_NULL_CONVERSION = YES;
				CLANG_WARN_OBJC_IMPLICIT_RETAIN_SELF = YES;
				CLANG_WARN_OBJC_LITERAL_CONVERSION = YES;
				CLANG_WARN_OBJC_ROOT_CLASS = YES_ERROR;
				CLANG_WARN_QUOTED_INCLUDE_IN_FRAMEWORK_HEADER = YES;
				CLANG_WARN_RANGE_LOOP_ANALYSIS = YES;
				CLANG_WARN_STRICT_PROTOTYPES = YES;
				CLANG_WARN_SUSPICIOUS_MOVE = YES;
				CLANG_WARN_UNGUARDED_AVAILABILITY = YES_AGGRESSIVE;
				CLANG_WARN_UNREACHABLE_CODE = YES;
				CLANG_WARN__DUPLICATE_METHOD_MATCH = YES;
				COPY_PHASE_STRIP = NO;
				DEBUG_INFORMATION_FORMAT = "dwarf-with-dsym";
				ENABLE_NS_ASSERTIONS = NO;
				ENABLE_STRICT_OBJC_MSGSEND = YES;
				GCC_C_LANGUAGE_STANDARD = gnu11;
				GCC_NO_COMMON_BLOCKS = YES;
				GCC_WARN_64_TO_32_BIT_CONVERSION = YES;
				GCC_WARN_ABOUT_RETURN_TYPE = YES_ERROR;
				GCC_WARN_UNDECLARED_SELECTOR = YES;
				GCC_WARN_UNINITIALIZED_AUTOS = YES_AGGRESSIVE;
				GCC_WARN_UNUSED_FUNCTION = YES;
				GCC_WARN_UNUSED_VARIABLE = YES;
				IPHONEOS_DEPLOYMENT_TARGET = 15.2;
				MTL_ENABLE_DEBUG_INFO = NO;
				MTL_FAST_MATH = YES;
				SDKROOT = iphoneos;
				SWIFT_COMPILATION_MODE = wholemodule;
				SWIFT_OPTIMIZATION_LEVEL = "-O";
				VALIDATE_PRODUCT = YES;
			};
			name = Release;
		};
		80829BDA277938180007AF0D /* Debug */ = {
			isa = XCBuildConfiguration;
			buildSettings = {
				ASSETCATALOG_COMPILER_APPICON_NAME = AppIcon;
				ASSETCATALOG_COMPILER_GLOBAL_ACCENT_COLOR_NAME = AccentColor;
				CODE_SIGN_STYLE = Automatic;
				CURRENT_PROJECT_VERSION = 1;
				DEVELOPMENT_ASSET_PATHS = "\"questioneer/Preview Content\"";
				DEVELOPMENT_TEAM = ZQ532X6DQG;
				ENABLE_PREVIEWS = YES;
				GENERATE_INFOPLIST_FILE = YES;
				INFOPLIST_KEY_UIApplicationSceneManifest_Generation = YES;
				INFOPLIST_KEY_UIApplicationSupportsIndirectInputEvents = YES;
				INFOPLIST_KEY_UILaunchScreen_Generation = YES;
				INFOPLIST_KEY_UISupportedInterfaceOrientations_iPad = "UIInterfaceOrientationPortrait UIInterfaceOrientationPortraitUpsideDown UIInterfaceOrientationLandscapeLeft UIInterfaceOrientationLandscapeRight";
				INFOPLIST_KEY_UISupportedInterfaceOrientations_iPhone = "UIInterfaceOrientationPortrait UIInterfaceOrientationLandscapeLeft UIInterfaceOrientationLandscapeRight";
				LD_RUNPATH_SEARCH_PATHS = (
					"$(inherited)",
					"@executable_path/Frameworks",
				);
				MARKETING_VERSION = 0.1;
				PRODUCT_BUNDLE_IDENTIFIER = "com.-eugene-ned-.questioneer";
				PRODUCT_NAME = "$(TARGET_NAME)";
				SWIFT_EMIT_LOC_STRINGS = YES;
				SWIFT_VERSION = 5.0;
				TARGETED_DEVICE_FAMILY = "1,2";
			};
			name = Debug;
		};
		80829BDB277938180007AF0D /* Release */ = {
			isa = XCBuildConfiguration;
			buildSettings = {
				ASSETCATALOG_COMPILER_APPICON_NAME = AppIcon;
				ASSETCATALOG_COMPILER_GLOBAL_ACCENT_COLOR_NAME = AccentColor;
				CODE_SIGN_STYLE = Automatic;
				CURRENT_PROJECT_VERSION = 1;
				DEVELOPMENT_ASSET_PATHS = "\"questioneer/Preview Content\"";
				DEVELOPMENT_TEAM = ZQ532X6DQG;
				ENABLE_PREVIEWS = YES;
				GENERATE_INFOPLIST_FILE = YES;
				INFOPLIST_KEY_UIApplicationSceneManifest_Generation = YES;
				INFOPLIST_KEY_UIApplicationSupportsIndirectInputEvents = YES;
				INFOPLIST_KEY_UILaunchScreen_Generation = YES;
				INFOPLIST_KEY_UISupportedInterfaceOrientations_iPad = "UIInterfaceOrientationPortrait UIInterfaceOrientationPortraitUpsideDown UIInterfaceOrientationLandscapeLeft UIInterfaceOrientationLandscapeRight";
				INFOPLIST_KEY_UISupportedInterfaceOrientations_iPhone = "UIInterfaceOrientationPortrait UIInterfaceOrientationLandscapeLeft UIInterfaceOrientationLandscapeRight";
				LD_RUNPATH_SEARCH_PATHS = (
					"$(inherited)",
					"@executable_path/Frameworks",
				);
				MARKETING_VERSION = 0.1;
				PRODUCT_BUNDLE_IDENTIFIER = "com.-eugene-ned-.questioneer";
				PRODUCT_NAME = "$(TARGET_NAME)";
				SWIFT_EMIT_LOC_STRINGS = YES;
				SWIFT_VERSION = 5.0;
				TARGETED_DEVICE_FAMILY = "1,2";
			};
			name = Release;
		};
/* End XCBuildConfiguration section */

/* Begin XCConfigurationList section */
		80829BC6277938160007AF0D /* Build configuration list for PBXProject "questioneer" */ = {
			isa = XCConfigurationList;
			buildConfigurations = (
				80829BD7277938180007AF0D /* Debug */,
				80829BD8277938180007AF0D /* Release */,
			);
			defaultConfigurationIsVisible = 0;
			defaultConfigurationName = Release;
		};
		80829BD9277938180007AF0D /* Build configuration list for PBXNativeTarget "questioneer" */ = {
			isa = XCConfigurationList;
			buildConfigurations = (
				80829BDA277938180007AF0D /* Debug */,
				80829BDB277938180007AF0D /* Release */,
			);
			defaultConfigurationIsVisible = 0;
			defaultConfigurationName = Release;
		};
/* End XCConfigurationList section */
	};
	rootObject = 80829BC3277938160007AF0D /* Project object */;
}
